
Microsoft Visual Studio Solution File, Format Version 12.00
# Visual Studio 14
VisualStudioVersion = 14.0.25420.1
MinimumVisualStudioVersion = 10.0.40219.1
Project("{E24C65DC-7377-472B-9ABA-BC803B73C61A}") = "MyResume", "..\..\WebSites\MyResume\", "{EA0D1E8F-1D20-4356-9479-0BB0B47847C9}"
	ProjectSection(WebsiteProperties) = preProject
		TargetFrameworkMoniker = ".NETFramework,Version%3Dv4.6.1"
		Debug.AspNetCompiler.VirtualPath = "/localhost_55641"
		Debug.AspNetCompiler.PhysicalPath = "..\..\WebSites\MyResume\"
		Debug.AspNetCompiler.TargetPath = "PrecompiledWeb\localhost_55641\"
		Debug.AspNetCompiler.Updateable = "true"
		Debug.AspNetCompiler.ForceOverwrite = "true"
		Debug.AspNetCompiler.FixedNames = "false"
		Debug.AspNetCompiler.Debug = "True"
		Release.AspNetCompiler.VirtualPath = "/localhost_55641"
		Release.AspNetCompiler.PhysicalPath = "..\..\WebSites\MyResume\"
		Release.AspNetCompiler.TargetPath = "PrecompiledWeb\localhost_55641\"
		Release.AspNetCompiler.Updateable = "true"
		Release.AspNetCompiler.ForceOverwrite = "true"
		Release.AspNetCompiler.FixedNames = "false"
		Release.AspNetCompiler.Debug = "False"
		VWDPort = "55641"
		SlnRelativePath = "..\..\WebSites\MyResume\"
		DefaultWebSiteLanguage = "Visual C#"
	EndProjectSection
EndProject
Global
	GlobalSection(SolutionConfigurationPlatforms) = preSolution
		Debug|Any CPU = Debug|Any CPU
	EndGlobalSection
	GlobalSection(ProjectConfigurationPlatforms) = postSolution
		{EA0D1E8F-1D20-4356-9479-0BB0B47847C9}.Debug|Any CPU.ActiveCfg = Debug|Any CPU
		{EA0D1E8F-1D20-4356-9479-0BB0B47847C9}.Debug|Any CPU.Build.0 = Debug|Any CPU
	EndGlobalSection
	GlobalSection(SolutionProperties) = preSolution
		HideSolutionNode = FALSE
	EndGlobalSection
EndGlobal
